
Microsoft Visual Studio Solution File, Format Version 12.00
Project("{2150E333-8FDC-42A3-9474-1A3956D46DE8}") = "src", "src", "{F568177C-BBCB-44B3-ADCA-DEAB2426BDCE}"
EndProject
Project("{FAE04EC0-301F-11D3-BF4B-00C04F79EFBC}") = "Poc_WebPortalHiP.Api", "Poc_WebPortalHiP.Api\Poc_WebPortalHiP.Api.csproj", "{EDE3B305-D0C1-4374-AD26-71F314CD7FE2}"
EndProject
Global
	GlobalSection(SolutionConfigurationPlatforms) = preSolution
		Debug|Any CPU = Debug|Any CPU
		Release|Any CPU = Release|Any CPU
	EndGlobalSection
	GlobalSection(NestedProjects) = preSolution
		{EDE3B305-D0C1-4374-AD26-71F314CD7FE2} = {F568177C-BBCB-44B3-ADCA-DEAB2426BDCE}
	EndGlobalSection
	GlobalSection(ProjectConfigurationPlatforms) = postSolution
		{EDE3B305-D0C1-4374-AD26-71F314CD7FE2}.Debug|Any CPU.ActiveCfg = Debug|Any CPU
		{EDE3B305-D0C1-4374-AD26-71F314CD7FE2}.Debug|Any CPU.Build.0 = Debug|Any CPU
		{EDE3B305-D0C1-4374-AD26-71F314CD7FE2}.Release|Any CPU.ActiveCfg = Release|Any CPU
		{EDE3B305-D0C1-4374-AD26-71F314CD7FE2}.Release|Any CPU.Build.0 = Release|Any CPU
	EndGlobalSection
EndGlobal
